{
  "name": "AsasayDecentralizedApp",
  "lockfileVersion": 2,
  "requires": true,
  "packages": {
    "": {
      "dependencies": {
        "react-client-session": "^0.0.8"
      }
    },
    "node_modules/react-client-session": {
      "version": "0.0.8",
      "resolved": "https://registry.npmjs.org/react-client-session/-/react-client-session-0.0.8.tgz",
      "integrity": "sha512-wHCTD4lEE8mzl6kxL8viL4q5kGx2TJJNaWdvzmx3KeiMgP+Yv5/Bx476jCpPD0pKc5VvdVuhkH4EM20XqtT/sQ==",
      "peerDependencies": {
        "react": "^17.0.1"
      }
    }
  },
  "dependencies": {
    "react-client-session": {
      "version": "0.0.8",
      "resolved": "https://registry.npmjs.org/react-client-session/-/react-client-session-0.0.8.tgz",
      "integrity": "sha512-wHCTD4lEE8mzl6kxL8viL4q5kGx2TJJNaWdvzmx3KeiMgP+Yv5/Bx476jCpPD0pKc5VvdVuhkH4EM20XqtT/sQ=="
    }
  }
}
