# THIS IS AN AUTOGENERATED FILE. DO NOT EDIT THIS FILE DIRECTLY.
# yarn lockfile v1


"react-client-session@^0.0.8":
  "integrity" "sha512-wHCTD4lEE8mzl6kxL8viL4q5kGx2TJJNaWdvzmx3KeiMgP+Yv5/Bx476jCpPD0pKc5VvdVuhkH4EM20XqtT/sQ=="
  "resolved" "https://registry.npmjs.org/react-client-session/-/react-client-session-0.0.8.tgz"
  "version" "0.0.8"
